# THIS IS AN AUTOGENERATED FILE. DO NOT EDIT THIS FILE DIRECTLY.
# yarn lockfile v1


"@types/angular-route@^1.7.0":
  version "1.7.0"
  resolved "https://registry.yarnpkg.com/@types/angular-route/-/angular-route-1.7.0.tgz#ba12d09df1aac3c88e3684500001daedfc97fb69"
  dependencies:
    "@types/angular" "*"

"@types/angular@*", "@types/angular@^1.6.51":
  version "1.6.51"
  resolved "https://registry.yarnpkg.com/@types/angular/-/angular-1.6.51.tgz#a67515b0ba6a2ff68894a39405c1343cbf9c36d4"

angular-route@^1.7.5:
  version "1.7.5"
  resolved "https://registry.yarnpkg.com/angular-route/-/angular-route-1.7.5.tgz#34a3648c407a14a030d075cf485318e33ba23f0e"

angular@^1.7.5:
  version "1.7.5"
  resolved "https://registry.yarnpkg.com/angular/-/angular-1.7.5.tgz#d1c1c01c6f5dc835638f3f9aa51012857bdac49e"

typescript@^3.1.1:
  version "3.1.1"
  resolved "https://registry.yarnpkg.com/typescript/-/typescript-3.1.1.tgz#3362ba9dd1e482ebb2355b02dfe8bcd19a2c7c96"
